
Microsoft Visual Studio Solution File, Format Version 12.00
# Visual Studio Version 16
VisualStudioVersion = 16.0.30413.136
MinimumVisualStudioVersion = 10.0.40219.1
Project("{9A19103F-16F7-4668-BE54-9A1E7A4F7556}") = "IDCodeReader", "IDCodeReader\IDCodeReader.csproj", "{8E52B2CB-6A68-46FD-AEE6-105DD7409A5E}"
EndProject
Project("{9A19103F-16F7-4668-BE54-9A1E7A4F7556}") = "Substrig", "Substrig\Substrig.csproj", "{498D7BED-6EA1-47B5-8ABA-96C90A836D4E}"
EndProject
Project("{9A19103F-16F7-4668-BE54-9A1E7A4F7556}") = "LOGITpe20", "LOGITpe20\LOGITpe20.csproj", "{3C6F9EA5-3B80-4E19-B974-629CE4DF7BBE}"
EndProject
Project("{9A19103F-16F7-4668-BE54-9A1E7A4F7556}") = "YearValitator", "YearValitator\YearValitator.csproj", "{0228719B-8A51-4509-AD8D-F56D47648AF6}"
EndProject
Project("{FAE04EC0-301F-11D3-BF4B-00C04F79EFBC}") = "CVVValitation", "CVVValitation\CVVValitation.csproj", "{E8DC9890-155E-4645-A0F0-72985191F04B}"
EndProject
Global
	GlobalSection(SolutionConfigurationPlatforms) = preSolution
		Debug|Any CPU = Debug|Any CPU
		Release|Any CPU = Release|Any CPU
	EndGlobalSection
	GlobalSection(ProjectConfigurationPlatforms) = postSolution
		{8E52B2CB-6A68-46FD-AEE6-105DD7409A5E}.Debug|Any CPU.ActiveCfg = Debug|Any CPU
		{8E52B2CB-6A68-46FD-AEE6-105DD7409A5E}.Debug|Any CPU.Build.0 = Debug|Any CPU
		{8E52B2CB-6A68-46FD-AEE6-105DD7409A5E}.Release|Any CPU.ActiveCfg = Release|Any CPU
		{8E52B2CB-6A68-46FD-AEE6-105DD7409A5E}.Release|Any CPU.Build.0 = Release|Any CPU
		{498D7BED-6EA1-47B5-8ABA-96C90A836D4E}.Debug|Any CPU.ActiveCfg = Debug|Any CPU
		{498D7BED-6EA1-47B5-8ABA-96C90A836D4E}.Debug|Any CPU.Build.0 = Debug|Any CPU
		{498D7BED-6EA1-47B5-8ABA-96C90A836D4E}.Release|Any CPU.ActiveCfg = Release|Any CPU
		{498D7BED-6EA1-47B5-8ABA-96C90A836D4E}.Release|Any CPU.Build.0 = Release|Any CPU
		{3C6F9EA5-3B80-4E19-B974-629CE4DF7BBE}.Debug|Any CPU.ActiveCfg = Debug|Any CPU
		{3C6F9EA5-3B80-4E19-B974-629CE4DF7BBE}.Debug|Any CPU.Build.0 = Debug|Any CPU
		{3C6F9EA5-3B80-4E19-B974-629CE4DF7BBE}.Release|Any CPU.ActiveCfg = Release|Any CPU
		{3C6F9EA5-3B80-4E19-B974-629CE4DF7BBE}.Release|Any CPU.Build.0 = Release|Any CPU
		{0228719B-8A51-4509-AD8D-F56D47648AF6}.Debug|Any CPU.ActiveCfg = Debug|Any CPU
		{0228719B-8A51-4509-AD8D-F56D47648AF6}.Debug|Any CPU.Build.0 = Debug|Any CPU
		{0228719B-8A51-4509-AD8D-F56D47648AF6}.Release|Any CPU.ActiveCfg = Release|Any CPU
		{0228719B-8A51-4509-AD8D-F56D47648AF6}.Release|Any CPU.Build.0 = Release|Any CPU
		{E8DC9890-155E-4645-A0F0-72985191F04B}.Debug|Any CPU.ActiveCfg = Debug|Any CPU
		{E8DC9890-155E-4645-A0F0-72985191F04B}.Debug|Any CPU.Build.0 = Debug|Any CPU
		{E8DC9890-155E-4645-A0F0-72985191F04B}.Release|Any CPU.ActiveCfg = Release|Any CPU
		{E8DC9890-155E-4645-A0F0-72985191F04B}.Release|Any CPU.Build.0 = Release|Any CPU
	EndGlobalSection
	GlobalSection(SolutionProperties) = preSolution
		HideSolutionNode = FALSE
	EndGlobalSection
	GlobalSection(ExtensibilityGlobals) = postSolution
		SolutionGuid = {9162A6F4-0D57-4524-BE0E-6A4187B27807}
	EndGlobalSection
EndGlobal
